
Microsoft Visual Studio Solution File, Format Version 12.00
# Visual Studio Version 17
VisualStudioVersion = 17.13.35913.81 d17.13
MinimumVisualStudioVersion = 10.0.40219.1
Project("{8BC9CEB8-8B4A-11D0-8D11-00A0C91BC942}") = "Buffer", "Buffer\Buffer.vcxproj", "{361905D7-5292-4B39-AD9E-328C57564829}"
EndProject
Global
	GlobalSection(SolutionConfigurationPlatforms) = preSolution
		Debug|x64 = Debug|x64
		Debug|x86 = Debug|x86
		Release|x64 = Release|x64
		Release|x86 = Release|x86
	EndGlobalSection
	GlobalSection(ProjectConfigurationPlatforms) = postSolution
		{361905D7-5292-4B39-AD9E-328C57564829}.Debug|x64.ActiveCfg = Debug|x64
		{361905D7-5292-4B39-AD9E-328C57564829}.Debug|x64.Build.0 = Debug|x64
		{361905D7-5292-4B39-AD9E-328C57564829}.Debug|x86.ActiveCfg = Debug|Win32
		{361905D7-5292-4B39-AD9E-328C57564829}.Debug|x86.Build.0 = Debug|Win32
		{361905D7-5292-4B39-AD9E-328C57564829}.Release|x64.ActiveCfg = Release|x64
		{361905D7-5292-4B39-AD9E-328C57564829}.Release|x64.Build.0 = Release|x64
		{361905D7-5292-4B39-AD9E-328C57564829}.Release|x86.ActiveCfg = Release|Win32
		{361905D7-5292-4B39-AD9E-328C57564829}.Release|x86.Build.0 = Release|Win32
	EndGlobalSection
	GlobalSection(SolutionProperties) = preSolution
		HideSolutionNode = FALSE
	EndGlobalSection
	GlobalSection(ExtensibilityGlobals) = postSolution
		SolutionGuid = {45580D3D-4B2C-4F62-93E8-D11AF624E7FF}
	EndGlobalSection
EndGlobal
